Microsoft Visual Studio Solution File, Format Version 12.00
# Visual Studio 2012
Project("{FAE04EC0-301F-11D3-BF4B-00C04F79EFBC}") = "3d Tutorial", "3d Tutorial.csproj", "{D2CC451A-C0F8-45EC-AAA7-8259F9EADE66}"
EndProject
Global
	GlobalSection(SolutionConfigurationPlatforms) = preSolution
	Debug|Any CPU = Debug|Any CPU
	ExportDebug|Any CPU = ExportDebug|Any CPU
	ExportRelease|Any CPU = ExportRelease|Any CPU
	EndGlobalSection
	GlobalSection(ProjectConfigurationPlatforms) = postSolution
		{D2CC451A-C0F8-45EC-AAA7-8259F9EADE66}.Debug|Any CPU.ActiveCfg = Debug|Any CPU
		{D2CC451A-C0F8-45EC-AAA7-8259F9EADE66}.Debug|Any CPU.Build.0 = Debug|Any CPU
		{D2CC451A-C0F8-45EC-AAA7-8259F9EADE66}.ExportDebug|Any CPU.ActiveCfg = ExportDebug|Any CPU
		{D2CC451A-C0F8-45EC-AAA7-8259F9EADE66}.ExportDebug|Any CPU.Build.0 = ExportDebug|Any CPU
		{D2CC451A-C0F8-45EC-AAA7-8259F9EADE66}.ExportRelease|Any CPU.ActiveCfg = ExportRelease|Any CPU
		{D2CC451A-C0F8-45EC-AAA7-8259F9EADE66}.ExportRelease|Any CPU.Build.0 = ExportRelease|Any CPU
	EndGlobalSection
EndGlobal
